
Microsoft Visual Studio Solution File, Format Version 12.00
# Visual Studio 15
Project("{FAE04EC0-301F-11D3-BF4B-00C04F79EFBC}") = "UnityEngine.TestRunner", "UnityEngine.TestRunner.csproj", "{7078126A-6B50-FDA9-10B7-65626B530B81}"
EndProject
Project("{FAE04EC0-301F-11D3-BF4B-00C04F79EFBC}") = "UnityEngine.UI", "UnityEngine.UI.csproj", "{733AB87C-23B7-0FB1-7C4F-60E0B14AF7FC}"
EndProject
Project("{FAE04EC0-301F-11D3-BF4B-00C04F79EFBC}") = "Unity.VisualScripting.Flow", "Unity.VisualScripting.Flow.csproj", "{4C7915B1-D0F4-EABA-F737-FEC6235A919D}"
EndProject
Project("{FAE04EC0-301F-11D3-BF4B-00C04F79EFBC}") = "Unity.Services.Core.Telemetry", "Unity.Services.Core.Telemetry.csproj", "{378701A6-CE1C-FCAF-346D-E4621F3AA976}"
EndProject
Project("{FAE04EC0-301F-11D3-BF4B-00C04F79EFBC}") = "Unity.VisualScripting.State", "Unity.VisualScripting.State.csproj", "{4BA0E144-B3F2-589B-4D96-37F8B8C07351}"
EndProject
Project("{FAE04EC0-301F-11D3-BF4B-00C04F79EFBC}") = "Unity.VisualScripting.Core", "Unity.VisualScripting.Core.csproj", "{70A51D17-9D86-FE2A-FA97-1FEAECB01261}"
EndProject
Project("{FAE04EC0-301F-11D3-BF4B-00C04F79EFBC}") = "Unity.Services.Core.Environments.Internal", "Unity.Services.Core.Environments.Internal.csproj", "{C80E3C37-9944-885A-E670-B1128F69958E}"
EndProject
Project("{FAE04EC0-301F-11D3-BF4B-00C04F79EFBC}") = "Unity.TextMeshPro", "Unity.TextMeshPro.csproj", "{5ADDEC46-0E97-B585-2FAF-F3F9C4C018AB}"
EndProject
Project("{FAE04EC0-301F-11D3-BF4B-00C04F79EFBC}") = "Unity.Timeline", "Unity.Timeline.csproj", "{11A04598-BF26-3D8B-D0C5-4F1658C0FFA9}"
EndProject
Project("{FAE04EC0-301F-11D3-BF4B-00C04F79EFBC}") = "Unity.Services.Core", "Unity.Services.Core.csproj", "{A1CB7598-65DE-570F-A79A-BD1A94590364}"
EndProject
Project("{FAE04EC0-301F-11D3-BF4B-00C04F79EFBC}") = "Unity.Services.Core.Environments", "Unity.Services.Core.Environments.csproj", "{8EFC9A02-730B-DA16-FC87-AE0D784CB5A7}"
EndProject
Project("{FAE04EC0-301F-11D3-BF4B-00C04F79EFBC}") = "Unity.Services.Core.Internal", "Unity.Services.Core.Internal.csproj", "{7491212E-E812-0E71-5A01-2D4E1038ED53}"
EndProject
Project("{FAE04EC0-301F-11D3-BF4B-00C04F79EFBC}") = "Unity.Services.Core.Analytics", "Unity.Services.Core.Analytics.csproj", "{ECD2D11E-5C5F-A8EC-3A69-F4E4BDA073C6}"
EndProject
Project("{FAE04EC0-301F-11D3-BF4B-00C04F79EFBC}") = "Unity.Services.Core.Scheduler", "Unity.Services.Core.Scheduler.csproj", "{005CB0BB-AC6A-ABE4-ADE0-1E09C84BF88E}"
EndProject
Project("{FAE04EC0-301F-11D3-BF4B-00C04F79EFBC}") = "Unity.Services.Core.Registration", "Unity.Services.Core.Registration.csproj", "{0AF0739D-11BD-396F-4EFE-711203B56E52}"
EndProject
Project("{FAE04EC0-301F-11D3-BF4B-00C04F79EFBC}") = "Unity.Services.Core.Device", "Unity.Services.Core.Device.csproj", "{B6BAAD92-AEA0-FE77-3942-D80D967B5D7D}"
EndProject
Project("{FAE04EC0-301F-11D3-BF4B-00C04F79EFBC}") = "Unity.Services.Core.Threading", "Unity.Services.Core.Threading.csproj", "{45F23021-B369-5DDE-9FB2-0E1902A6D100}"
EndProject
Project("{FAE04EC0-301F-11D3-BF4B-00C04F79EFBC}") = "Unity.Services.Core.Networking", "Unity.Services.Core.Networking.csproj", "{02536370-989B-2195-DBDE-9D0BF99F6640}"
EndProject
Project("{FAE04EC0-301F-11D3-BF4B-00C04F79EFBC}") = "Unity.Services.Core.Configuration", "Unity.Services.Core.Configuration.csproj", "{3899C988-97D0-E25D-C1FB-BD5D9BE7B604}"
EndProject
Project("{FAE04EC0-301F-11D3-BF4B-00C04F79EFBC}") = "Assembly-CSharp", "Assembly-CSharp.csproj", "{1F616247-46CC-2586-3AB2-F6BEDA3B8159}"
EndProject
Project("{FAE04EC0-301F-11D3-BF4B-00C04F79EFBC}") = "Unity.PlasticSCM.Editor", "Unity.PlasticSCM.Editor.csproj", "{02A5B7EF-86F1-0D07-115C-23E952C671D6}"
EndProject
Project("{FAE04EC0-301F-11D3-BF4B-00C04F79EFBC}") = "Unity.VisualScripting.Core.Editor", "Unity.VisualScripting.Core.Editor.csproj", "{FEEB4E2A-01AA-0647-5F51-40D2D8BD9D75}"
EndProject
Project("{FAE04EC0-301F-11D3-BF4B-00C04F79EFBC}") = "Unity.VisualScripting.Flow.Editor", "Unity.VisualScripting.Flow.Editor.csproj", "{65B5B346-0D12-885B-64D6-EC5E9A07F907}"
EndProject
Project("{FAE04EC0-301F-11D3-BF4B-00C04F79EFBC}") = "Unity.VisualStudio.Editor", "Unity.VisualStudio.Editor.csproj", "{9E7F7A84-0210-9042-350F-9C6D6F2954CD}"
EndProject
Project("{FAE04EC0-301F-11D3-BF4B-00C04F79EFBC}") = "Unity.Timeline.Editor", "Unity.Timeline.Editor.csproj", "{99C22187-B753-7C14-82EE-6479E88C91F2}"
EndProject
Project("{FAE04EC0-301F-11D3-BF4B-00C04F79EFBC}") = "Unity.VisualScripting.State.Editor", "Unity.VisualScripting.State.Editor.csproj", "{4129E7FF-F6E2-064E-C282-78BEA59D171B}"
EndProject
Project("{FAE04EC0-301F-11D3-BF4B-00C04F79EFBC}") = "Unity.TextMeshPro.Editor", "Unity.TextMeshPro.Editor.csproj", "{E5CEEAB8-6850-A215-AE8C-C0A53C4B7647}"
EndProject
Project("{FAE04EC0-301F-11D3-BF4B-00C04F79EFBC}") = "Unity.VisualScripting.SettingsProvider.Editor", "Unity.VisualScripting.SettingsProvider.Editor.csproj", "{E6DF0D46-47B5-B525-C533-16897D24D8EB}"
EndProject
Project("{FAE04EC0-301F-11D3-BF4B-00C04F79EFBC}") = "Unity.CollabProxy.Editor", "Unity.CollabProxy.Editor.csproj", "{61EAE089-3C1D-9773-AA0E-7074F2149841}"
EndProject
Project("{FAE04EC0-301F-11D3-BF4B-00C04F79EFBC}") = "UnityEditor.TestRunner", "UnityEditor.TestRunner.csproj", "{854D3EF4-17AE-4873-E42D-36F35823C09A}"
EndProject
Project("{FAE04EC0-301F-11D3-BF4B-00C04F79EFBC}") = "Unity.Services.Core.Editor", "Unity.Services.Core.Editor.csproj", "{93366286-D025-D1A9-E258-575310A43422}"
EndProject
Project("{FAE04EC0-301F-11D3-BF4B-00C04F79EFBC}") = "Unity.TestTools.CodeCoverage.Editor", "Unity.TestTools.CodeCoverage.Editor.csproj", "{500D209A-2213-4BFA-93DE-7CFE5A0FAFED}"
EndProject
Project("{FAE04EC0-301F-11D3-BF4B-00C04F79EFBC}") = "Unity.Rider.Editor", "Unity.Rider.Editor.csproj", "{D2AC91D8-236D-6759-A782-2CB3C4D20E1D}"
EndProject
Project("{FAE04EC0-301F-11D3-BF4B-00C04F79EFBC}") = "Unity.Performance.Profile-Analyzer.Editor", "Unity.Performance.Profile-Analyzer.Editor.csproj", "{5D17C1E8-F936-6F85-E332-98D3A8FEF8CB}"
EndProject
Project("{FAE04EC0-301F-11D3-BF4B-00C04F79EFBC}") = "Unity.VSCode.Editor", "Unity.VSCode.Editor.csproj", "{F42C3BC0-2522-584A-34A1-60679BAE35CB}"
EndProject
Project("{FAE04EC0-301F-11D3-BF4B-00C04F79EFBC}") = "UnityEditor.UI", "UnityEditor.UI.csproj", "{65072C9C-7267-DF87-5149-388BE4CF14A2}"
EndProject
Project("{FAE04EC0-301F-11D3-BF4B-00C04F79EFBC}") = "Unity.TestTools.CodeCoverage.Editor.OpenCover.Model", "Unity.TestTools.CodeCoverage.Editor.OpenCover.Model.csproj", "{3B02701B-CDFA-49DE-390E-BD891DCA00B3}"
EndProject
Project("{FAE04EC0-301F-11D3-BF4B-00C04F79EFBC}") = "Unity.EditorCoroutines.Editor", "Unity.EditorCoroutines.Editor.csproj", "{4ECA3925-9750-6853-B6CD-E6CAB9B77277}"
EndProject
Project("{FAE04EC0-301F-11D3-BF4B-00C04F79EFBC}") = "Unity.Settings.Editor", "Unity.Settings.Editor.csproj", "{F86610B2-CD98-B66E-5D8E-92F24C68092D}"
EndProject
Project("{FAE04EC0-301F-11D3-BF4B-00C04F79EFBC}") = "Unity.Services.Core.Configuration.Editor", "Unity.Services.Core.Configuration.Editor.csproj", "{E3617025-BF2B-B2BA-D1EC-1CA1D642EAAA}"
EndProject
Project("{FAE04EC0-301F-11D3-BF4B-00C04F79EFBC}") = "Unity.TestTools.CodeCoverage.Editor.OpenCover.Mono.Reflection", "Unity.TestTools.CodeCoverage.Editor.OpenCover.Mono.Reflection.csproj", "{FD35C8C8-AD94-23E2-77C5-EDE7DD016323}"
EndProject
Project("{FAE04EC0-301F-11D3-BF4B-00C04F79EFBC}") = "Unity.VisualScripting.Shared.Editor", "Unity.VisualScripting.Shared.Editor.csproj", "{423360C8-6AD8-4DE5-B6A3-6CA63827907D}"
EndProject
Project("{FAE04EC0-301F-11D3-BF4B-00C04F79EFBC}") = "UnityEngine.TestRunner", "UnityEngine.TestRunner.Player.csproj", "{7CC50EAF-57D9-0545-E187-B3F7CD42AC29}"
EndProject
Project("{FAE04EC0-301F-11D3-BF4B-00C04F79EFBC}") = "UnityEngine.UI", "UnityEngine.UI.Player.csproj", "{7B333DEC-BB5D-3463-86D8-ABBB7939B027}"
EndProject
Project("{FAE04EC0-301F-11D3-BF4B-00C04F79EFBC}") = "Unity.VisualScripting.Flow", "Unity.VisualScripting.Flow.Player.csproj", "{CE2D8332-1FB5-0A5F-752D-E73FE347C192}"
EndProject
Project("{FAE04EC0-301F-11D3-BF4B-00C04F79EFBC}") = "Unity.Services.Core.Telemetry", "Unity.Services.Core.Telemetry.Player.csproj", "{45B63344-C30E-D4DD-94C2-D3A2BDCBDD69}"
EndProject
Project("{FAE04EC0-301F-11D3-BF4B-00C04F79EFBC}") = "Unity.VisualScripting.State", "Unity.VisualScripting.State.Player.csproj", "{F47662DC-D5B0-1CDA-1554-B776ED8D2854}"
EndProject
Project("{FAE04EC0-301F-11D3-BF4B-00C04F79EFBC}") = "Unity.VisualScripting.Core", "Unity.VisualScripting.Core.Player.csproj", "{D8846B92-54AD-CE3D-C7A5-AA30602B853A}"
EndProject
Project("{FAE04EC0-301F-11D3-BF4B-00C04F79EFBC}") = "Unity.Services.Core.Environments.Internal", "Unity.Services.Core.Environments.Internal.Player.csproj", "{44A9A133-7FC1-AEAC-DAF7-610158B2908B}"
EndProject
Project("{FAE04EC0-301F-11D3-BF4B-00C04F79EFBC}") = "Unity.TextMeshPro", "Unity.TextMeshPro.Player.csproj", "{AE4089DA-AACF-75D0-9B9C-F64447003ABB}"
EndProject
Project("{FAE04EC0-301F-11D3-BF4B-00C04F79EFBC}") = "Unity.Timeline", "Unity.Timeline.Player.csproj", "{0E46038F-C237-66FE-19D7-66DB0F2567BA}"
EndProject
Project("{FAE04EC0-301F-11D3-BF4B-00C04F79EFBC}") = "Unity.Services.Core", "Unity.Services.Core.Player.csproj", "{EF738400-BA66-1DBB-A62A-D5C21B016F52}"
EndProject
Project("{FAE04EC0-301F-11D3-BF4B-00C04F79EFBC}") = "Unity.Services.Core.Environments", "Unity.Services.Core.Environments.Player.csproj", "{21BCAA02-CCD8-1EA3-53D6-5552FCC0291F}"
EndProject
Project("{FAE04EC0-301F-11D3-BF4B-00C04F79EFBC}") = "Unity.Services.Core.Internal", "Unity.Services.Core.Internal.Player.csproj", "{1DD92128-0171-42BB-D911-749F8847793D}"
EndProject
Project("{FAE04EC0-301F-11D3-BF4B-00C04F79EFBC}") = "Unity.Services.Core.Analytics", "Unity.Services.Core.Analytics.Player.csproj", "{3BFCBC81-0928-9628-8DAC-EC49693ED8B7}"
EndProject
Project("{FAE04EC0-301F-11D3-BF4B-00C04F79EFBC}") = "Unity.Services.Core.Scheduler", "Unity.Services.Core.Scheduler.Player.csproj", "{26524886-F2C7-BE52-C160-38287C839175}"
EndProject
Project("{FAE04EC0-301F-11D3-BF4B-00C04F79EFBC}") = "Unity.Services.Core.Registration", "Unity.Services.Core.Registration.Player.csproj", "{5FCCCAE6-32BD-D3B6-2396-A86D85EFFD38}"
EndProject
Project("{FAE04EC0-301F-11D3-BF4B-00C04F79EFBC}") = "Unity.Services.Core.Device", "Unity.Services.Core.Device.Player.csproj", "{1E72BBED-D6C0-806E-D30D-5BFD83CFD981}"
EndProject
Project("{FAE04EC0-301F-11D3-BF4B-00C04F79EFBC}") = "Unity.Services.Core.Threading", "Unity.Services.Core.Threading.Player.csproj", "{5133740F-60C5-C7BF-E61E-73D3A1D61768}"
EndProject
Project("{FAE04EC0-301F-11D3-BF4B-00C04F79EFBC}") = "Unity.Services.Core.Networking", "Unity.Services.Core.Networking.Player.csproj", "{B6245E22-05A2-31F9-6BBB-E27E665F1302}"
EndProject
Project("{FAE04EC0-301F-11D3-BF4B-00C04F79EFBC}") = "Unity.Services.Core.Configuration", "Unity.Services.Core.Configuration.Player.csproj", "{A2D6E814-B0F4-A46D-A5E8-7ADBC8F32A8C}"
EndProject
Project("{FAE04EC0-301F-11D3-BF4B-00C04F79EFBC}") = "Assembly-CSharp", "Assembly-CSharp.Player.csproj", "{70B3518B-F773-82AF-609A-E592140A60A3}"
EndProject
Global
	GlobalSection(SolutionConfigurationPlatforms) = preSolution
		Debug|Any CPU = Debug|Any CPU
		Release|Any CPU = Release|Any CPU
	EndGlobalSection
	GlobalSection(ProjectConfigurationPlatforms) = postSolution
		{7078126A-6B50-FDA9-10B7-65626B530B81}.Debug|Any CPU.ActiveCfg = Debug|Any CPU
		{7078126A-6B50-FDA9-10B7-65626B530B81}.Debug|Any CPU.Build.0 = Debug|Any CPU
		{7078126A-6B50-FDA9-10B7-65626B530B81}.Release|Any CPU.ActiveCfg = Release|Any CPU
		{7078126A-6B50-FDA9-10B7-65626B530B81}.Release|Any CPU.Build.0 = Release|Any CPU
		{733AB87C-23B7-0FB1-7C4F-60E0B14AF7FC}.Debug|Any CPU.ActiveCfg = Debug|Any CPU
		{733AB87C-23B7-0FB1-7C4F-60E0B14AF7FC}.Debug|Any CPU.Build.0 = Debug|Any CPU
		{733AB87C-23B7-0FB1-7C4F-60E0B14AF7FC}.Release|Any CPU.ActiveCfg = Release|Any CPU
		{733AB87C-23B7-0FB1-7C4F-60E0B14AF7FC}.Release|Any CPU.Build.0 = Release|Any CPU
		{4C7915B1-D0F4-EABA-F737-FEC6235A919D}.Debug|Any CPU.ActiveCfg = Debug|Any CPU
		{4C7915B1-D0F4-EABA-F737-FEC6235A919D}.Debug|Any CPU.Build.0 = Debug|Any CPU
		{4C7915B1-D0F4-EABA-F737-FEC6235A919D}.Release|Any CPU.ActiveCfg = Release|Any CPU
		{4C7915B1-D0F4-EABA-F737-FEC6235A919D}.Release|Any CPU.Build.0 = Release|Any CPU
		{378701A6-CE1C-FCAF-346D-E4621F3AA976}.Debug|Any CPU.ActiveCfg = Debug|Any CPU
		{378701A6-CE1C-FCAF-346D-E4621F3AA976}.Debug|Any CPU.Build.0 = Debug|Any CPU
		{378701A6-CE1C-FCAF-346D-E4621F3AA976}.Release|Any CPU.ActiveCfg = Release|Any CPU
		{378701A6-CE1C-FCAF-346D-E4621F3AA976}.Release|Any CPU.Build.0 = Release|Any CPU
		{4BA0E144-B3F2-589B-4D96-37F8B8C07351}.Debug|Any CPU.ActiveCfg = Debug|Any CPU
		{4BA0E144-B3F2-589B-4D96-37F8B8C07351}.Debug|Any CPU.Build.0 = Debug|Any CPU
		{4BA0E144-B3F2-589B-4D96-37F8B8C07351}.Release|Any CPU.ActiveCfg = Release|Any CPU
		{4BA0E144-B3F2-589B-4D96-37F8B8C07351}.Release|Any CPU.Build.0 = Release|Any CPU
		{70A51D17-9D86-FE2A-FA97-1FEAECB01261}.Debug|Any CPU.ActiveCfg = Debug|Any CPU
		{70A51D17-9D86-FE2A-FA97-1FEAECB01261}.Debug|Any CPU.Build.0 = Debug|Any CPU
		{70A51D17-9D86-FE2A-FA97-1FEAECB01261}.Release|Any CPU.ActiveCfg = Release|Any CPU
		{70A51D17-9D86-FE2A-FA97-1FEAECB01261}.Release|Any CPU.Build.0 = Release|Any CPU
		{C80E3C37-9944-885A-E670-B1128F69958E}.Debug|Any CPU.ActiveCfg = Debug|Any CPU
		{C80E3C37-9944-885A-E670-B1128F69958E}.Debug|Any CPU.Build.0 = Debug|Any CPU
		{C80E3C37-9944-885A-E670-B1128F69958E}.Release|Any CPU.ActiveCfg = Release|Any CPU
		{C80E3C37-9944-885A-E670-B1128F69958E}.Release|Any CPU.Build.0 = Release|Any CPU
		{5ADDEC46-0E97-B585-2FAF-F3F9C4C018AB}.Debug|Any CPU.ActiveCfg = Debug|Any CPU
		{5ADDEC46-0E97-B585-2FAF-F3F9C4C018AB}.Debug|Any CPU.Build.0 = Debug|Any CPU
		{5ADDEC46-0E97-B585-2FAF-F3F9C4C018AB}.Release|Any CPU.ActiveCfg = Release|Any CPU
		{5ADDEC46-0E97-B585-2FAF-F3F9C4C018AB}.Release|Any CPU.Build.0 = Release|Any CPU
		{11A04598-BF26-3D8B-D0C5-4F1658C0FFA9}.Debug|Any CPU.ActiveCfg = Debug|Any CPU
		{11A04598-BF26-3D8B-D0C5-4F1658C0FFA9}.Debug|Any CPU.Build.0 = Debug|Any CPU
		{11A04598-BF26-3D8B-D0C5-4F1658C0FFA9}.Release|Any CPU.ActiveCfg = Release|Any CPU
		{11A04598-BF26-3D8B-D0C5-4F1658C0FFA9}.Release|Any CPU.Build.0 = Release|Any CPU
		{A1CB7598-65DE-570F-A79A-BD1A94590364}.Debug|Any CPU.ActiveCfg = Debug|Any CPU
		{A1CB7598-65DE-570F-A79A-BD1A94590364}.Debug|Any CPU.Build.0 = Debug|Any CPU
		{A1CB7598-65DE-570F-A79A-BD1A94590364}.Release|Any CPU.ActiveCfg = Release|Any CPU
		{A1CB7598-65DE-570F-A79A-BD1A94590364}.Release|Any CPU.Build.0 = Release|Any CPU
		{8EFC9A02-730B-DA16-FC87-AE0D784CB5A7}.Debug|Any CPU.ActiveCfg = Debug|Any CPU
		{8EFC9A02-730B-DA16-FC87-AE0D784CB5A7}.Debug|Any CPU.Build.0 = Debug|Any CPU
		{8EFC9A02-730B-DA16-FC87-AE0D784CB5A7}.Release|Any CPU.ActiveCfg = Release|Any CPU
		{8EFC9A02-730B-DA16-FC87-AE0D784CB5A7}.Release|Any CPU.Build.0 = Release|Any CPU
		{7491212E-E812-0E71-5A01-2D4E1038ED53}.Debug|Any CPU.ActiveCfg = Debug|Any CPU
		{7491212E-E812-0E71-5A01-2D4E1038ED53}.Debug|Any CPU.Build.0 = Debug|Any CPU
		{7491212E-E812-0E71-5A01-2D4E1038ED53}.Release|Any CPU.ActiveCfg = Release|Any CPU
		{7491212E-E812-0E71-5A01-2D4E1038ED53}.Release|Any CPU.Build.0 = Release|Any CPU
		{ECD2D11E-5C5F-A8EC-3A69-F4E4BDA073C6}.Debug|Any CPU.ActiveCfg = Debug|Any CPU
		{ECD2D11E-5C5F-A8EC-3A69-F4E4BDA073C6}.Debug|Any CPU.Build.0 = Debug|Any CPU
		{ECD2D11E-5C5F-A8EC-3A69-F4E4BDA073C6}.Release|Any CPU.ActiveCfg = Release|Any CPU
		{ECD2D11E-5C5F-A8EC-3A69-F4E4BDA073C6}.Release|Any CPU.Build.0 = Release|Any CPU
		{005CB0BB-AC6A-ABE4-ADE0-1E09C84BF88E}.Debug|Any CPU.ActiveCfg = Debug|Any CPU
		{005CB0BB-AC6A-ABE4-ADE0-1E09C84BF88E}.Debug|Any CPU.Build.0 = Debug|Any CPU
		{005CB0BB-AC6A-ABE4-ADE0-1E09C84BF88E}.Release|Any CPU.ActiveCfg = Release|Any CPU
		{005CB0BB-AC6A-ABE4-ADE0-1E09C84BF88E}.Release|Any CPU.Build.0 = Release|Any CPU
		{0AF0739D-11BD-396F-4EFE-711203B56E52}.Debug|Any CPU.ActiveCfg = Debug|Any CPU
		{0AF0739D-11BD-396F-4EFE-711203B56E52}.Debug|Any CPU.Build.0 = Debug|Any CPU
		{0AF0739D-11BD-396F-4EFE-711203B56E52}.Release|Any CPU.ActiveCfg = Release|Any CPU
		{0AF0739D-11BD-396F-4EFE-711203B56E52}.Release|Any CPU.Build.0 = Release|Any CPU
		{B6BAAD92-AEA0-FE77-3942-D80D967B5D7D}.Debug|Any CPU.ActiveCfg = Debug|Any CPU
		{B6BAAD92-AEA0-FE77-3942-D80D967B5D7D}.Debug|Any CPU.Build.0 = Debug|Any CPU
		{B6BAAD92-AEA0-FE77-3942-D80D967B5D7D}.Release|Any CPU.ActiveCfg = Release|Any CPU
		{B6BAAD92-AEA0-FE77-3942-D80D967B5D7D}.Release|Any CPU.Build.0 = Release|Any CPU
		{45F23021-B369-5DDE-9FB2-0E1902A6D100}.Debug|Any CPU.ActiveCfg = Debug|Any CPU
		{45F23021-B369-5DDE-9FB2-0E1902A6D100}.Debug|Any CPU.Build.0 = Debug|Any CPU
		{45F23021-B369-5DDE-9FB2-0E1902A6D100}.Release|Any CPU.ActiveCfg = Release|Any CPU
		{45F23021-B369-5DDE-9FB2-0E1902A6D100}.Release|Any CPU.Build.0 = Release|Any CPU
		{02536370-989B-2195-DBDE-9D0BF99F6640}.Debug|Any CPU.ActiveCfg = Debug|Any CPU
		{02536370-989B-2195-DBDE-9D0BF99F6640}.Debug|Any CPU.Build.0 = Debug|Any CPU
		{02536370-989B-2195-DBDE-9D0BF99F6640}.Release|Any CPU.ActiveCfg = Release|Any CPU
		{02536370-989B-2195-DBDE-9D0BF99F6640}.Release|Any CPU.Build.0 = Release|Any CPU
		{3899C988-97D0-E25D-C1FB-BD5D9BE7B604}.Debug|Any CPU.ActiveCfg = Debug|Any CPU
		{3899C988-97D0-E25D-C1FB-BD5D9BE7B604}.Debug|Any CPU.Build.0 = Debug|Any CPU
		{3899C988-97D0-E25D-C1FB-BD5D9BE7B604}.Release|Any CPU.ActiveCfg = Release|Any CPU
		{3899C988-97D0-E25D-C1FB-BD5D9BE7B604}.Release|Any CPU.Build.0 = Release|Any CPU
		{1F616247-46CC-2586-3AB2-F6BEDA3B8159}.Debug|Any CPU.ActiveCfg = Debug|Any CPU
		{1F616247-46CC-2586-3AB2-F6BEDA3B8159}.Debug|Any CPU.Build.0 = Debug|Any CPU
		{1F616247-46CC-2586-3AB2-F6BEDA3B8159}.Release|Any CPU.ActiveCfg = Release|Any CPU
		{1F616247-46CC-2586-3AB2-F6BEDA3B8159}.Release|Any CPU.Build.0 = Release|Any CPU
		{02A5B7EF-86F1-0D07-115C-23E952C671D6}.Debug|Any CPU.ActiveCfg = Debug|Any CPU
		{02A5B7EF-86F1-0D07-115C-23E952C671D6}.Debug|Any CPU.Build.0 = Debug|Any CPU
		{02A5B7EF-86F1-0D07-115C-23E952C671D6}.Release|Any CPU.ActiveCfg = Release|Any CPU
		{02A5B7EF-86F1-0D07-115C-23E952C671D6}.Release|Any CPU.Build.0 = Release|Any CPU
		{FEEB4E2A-01AA-0647-5F51-40D2D8BD9D75}.Debug|Any CPU.ActiveCfg = Debug|Any CPU
		{FEEB4E2A-01AA-0647-5F51-40D2D8BD9D75}.Debug|Any CPU.Build.0 = Debug|Any CPU
		{FEEB4E2A-01AA-0647-5F51-40D2D8BD9D75}.Release|Any CPU.ActiveCfg = Release|Any CPU
		{FEEB4E2A-01AA-0647-5F51-40D2D8BD9D75}.Release|Any CPU.Build.0 = Release|Any CPU
		{65B5B346-0D12-885B-64D6-EC5E9A07F907}.Debug|Any CPU.ActiveCfg = Debug|Any CPU
		{65B5B346-0D12-885B-64D6-EC5E9A07F907}.Debug|Any CPU.Build.0 = Debug|Any CPU
		{65B5B346-0D12-885B-64D6-EC5E9A07F907}.Release|Any CPU.ActiveCfg = Release|Any CPU
		{65B5B346-0D12-885B-64D6-EC5E9A07F907}.Release|Any CPU.Build.0 = Release|Any CPU
		{9E7F7A84-0210-9042-350F-9C6D6F2954CD}.Debug|Any CPU.ActiveCfg = Debug|Any CPU
		{9E7F7A84-0210-9042-350F-9C6D6F2954CD}.Debug|Any CPU.Build.0 = Debug|Any CPU
		{9E7F7A84-0210-9042-350F-9C6D6F2954CD}.Release|Any CPU.ActiveCfg = Release|Any CPU
		{9E7F7A84-0210-9042-350F-9C6D6F2954CD}.Release|Any CPU.Build.0 = Release|Any CPU
		{99C22187-B753-7C14-82EE-6479E88C91F2}.Debug|Any CPU.ActiveCfg = Debug|Any CPU
		{99C22187-B753-7C14-82EE-6479E88C91F2}.Debug|Any CPU.Build.0 = Debug|Any CPU
		{99C22187-B753-7C14-82EE-6479E88C91F2}.Release|Any CPU.ActiveCfg = Release|Any CPU
		{99C22187-B753-7C14-82EE-6479E88C91F2}.Release|Any CPU.Build.0 = Release|Any CPU
		{4129E7FF-F6E2-064E-C282-78BEA59D171B}.Debug|Any CPU.ActiveCfg = Debug|Any CPU
		{4129E7FF-F6E2-064E-C282-78BEA59D171B}.Debug|Any CPU.Build.0 = Debug|Any CPU
		{4129E7FF-F6E2-064E-C282-78BEA59D171B}.Release|Any CPU.ActiveCfg = Release|Any CPU
		{4129E7FF-F6E2-064E-C282-78BEA59D171B}.Release|Any CPU.Build.0 = Release|Any CPU
		{E5CEEAB8-6850-A215-AE8C-C0A53C4B7647}.Debug|Any CPU.ActiveCfg = Debug|Any CPU
		{E5CEEAB8-6850-A215-AE8C-C0A53C4B7647}.Debug|Any CPU.Build.0 = Debug|Any CPU
		{E5CEEAB8-6850-A215-AE8C-C0A53C4B7647}.Release|Any CPU.ActiveCfg = Release|Any CPU
		{E5CEEAB8-6850-A215-AE8C-C0A53C4B7647}.Release|Any CPU.Build.0 = Release|Any CPU
		{E6DF0D46-47B5-B525-C533-16897D24D8EB}.Debug|Any CPU.ActiveCfg = Debug|Any CPU
		{E6DF0D46-47B5-B525-C533-16897D24D8EB}.Debug|Any CPU.Build.0 = Debug|Any CPU
		{E6DF0D46-47B5-B525-C533-16897D24D8EB}.Release|Any CPU.ActiveCfg = Release|Any CPU
		{E6DF0D46-47B5-B525-C533-16897D24D8EB}.Release|Any CPU.Build.0 = Release|Any CPU
		{61EAE089-3C1D-9773-AA0E-7074F2149841}.Debug|Any CPU.ActiveCfg = Debug|Any CPU
		{61EAE089-3C1D-9773-AA0E-7074F2149841}.Debug|Any CPU.Build.0 = Debug|Any CPU
		{61EAE089-3C1D-9773-AA0E-7074F2149841}.Release|Any CPU.ActiveCfg = Release|Any CPU
		{61EAE089-3C1D-9773-AA0E-7074F2149841}.Release|Any CPU.Build.0 = Release|Any CPU
		{854D3EF4-17AE-4873-E42D-36F35823C09A}.Debug|Any CPU.ActiveCfg = Debug|Any CPU
		{854D3EF4-17AE-4873-E42D-36F35823C09A}.Debug|Any CPU.Build.0 = Debug|Any CPU
		{854D3EF4-17AE-4873-E42D-36F35823C09A}.Release|Any CPU.ActiveCfg = Release|Any CPU
		{854D3EF4-17AE-4873-E42D-36F35823C09A}.Release|Any CPU.Build.0 = Release|Any CPU
		{93366286-D025-D1A9-E258-575310A43422}.Debug|Any CPU.ActiveCfg = Debug|Any CPU
		{93366286-D025-D1A9-E258-575310A43422}.Debug|Any CPU.Build.0 = Debug|Any CPU
		{93366286-D025-D1A9-E258-575310A43422}.Release|Any CPU.ActiveCfg = Release|Any CPU
		{93366286-D025-D1A9-E258-575310A43422}.Release|Any CPU.Build.0 = Release|Any CPU
		{500D209A-2213-4BFA-93DE-7CFE5A0FAFED}.Debug|Any CPU.ActiveCfg = Debug|Any CPU
		{500D209A-2213-4BFA-93DE-7CFE5A0FAFED}.Debug|Any CPU.Build.0 = Debug|Any CPU
		{500D209A-2213-4BFA-93DE-7CFE5A0FAFED}.Release|Any CPU.ActiveCfg = Release|Any CPU
		{500D209A-2213-4BFA-93DE-7CFE5A0FAFED}.Release|Any CPU.Build.0 = Release|Any CPU
		{D2AC91D8-236D-6759-A782-2CB3C4D20E1D}.Debug|Any CPU.ActiveCfg = Debug|Any CPU
		{D2AC91D8-236D-6759-A782-2CB3C4D20E1D}.Debug|Any CPU.Build.0 = Debug|Any CPU
		{D2AC91D8-236D-6759-A782-2CB3C4D20E1D}.Release|Any CPU.ActiveCfg = Release|Any CPU
		{D2AC91D8-236D-6759-A782-2CB3C4D20E1D}.Release|Any CPU.Build.0 = Release|Any CPU
		{5D17C1E8-F936-6F85-E332-98D3A8FEF8CB}.Debug|Any CPU.ActiveCfg = Debug|Any CPU
		{5D17C1E8-F936-6F85-E332-98D3A8FEF8CB}.Debug|Any CPU.Build.0 = Debug|Any CPU
		{5D17C1E8-F936-6F85-E332-98D3A8FEF8CB}.Release|Any CPU.ActiveCfg = Release|Any CPU
		{5D17C1E8-F936-6F85-E332-98D3A8FEF8CB}.Release|Any CPU.Build.0 = Release|Any CPU
		{F42C3BC0-2522-584A-34A1-60679BAE35CB}.Debug|Any CPU.ActiveCfg = Debug|Any CPU
		{F42C3BC0-2522-584A-34A1-60679BAE35CB}.Debug|Any CPU.Build.0 = Debug|Any CPU
		{F42C3BC0-2522-584A-34A1-60679BAE35CB}.Release|Any CPU.ActiveCfg = Release|Any CPU
		{F42C3BC0-2522-584A-34A1-60679BAE35CB}.Release|Any CPU.Build.0 = Release|Any CPU
		{65072C9C-7267-DF87-5149-388BE4CF14A2}.Debug|Any CPU.ActiveCfg = Debug|Any CPU
		{65072C9C-7267-DF87-5149-388BE4CF14A2}.Debug|Any CPU.Build.0 = Debug|Any CPU
		{65072C9C-7267-DF87-5149-388BE4CF14A2}.Release|Any CPU.ActiveCfg = Release|Any CPU
		{65072C9C-7267-DF87-5149-388BE4CF14A2}.Release|Any CPU.Build.0 = Release|Any CPU
		{3B02701B-CDFA-49DE-390E-BD891DCA00B3}.Debug|Any CPU.ActiveCfg = Debug|Any CPU
		{3B02701B-CDFA-49DE-390E-BD891DCA00B3}.Debug|Any CPU.Build.0 = Debug|Any CPU
		{3B02701B-CDFA-49DE-390E-BD891DCA00B3}.Release|Any CPU.ActiveCfg = Release|Any CPU
		{3B02701B-CDFA-49DE-390E-BD891DCA00B3}.Release|Any CPU.Build.0 = Release|Any CPU
		{4ECA3925-9750-6853-B6CD-E6CAB9B77277}.Debug|Any CPU.ActiveCfg = Debug|Any CPU
		{4ECA3925-9750-6853-B6CD-E6CAB9B77277}.Debug|Any CPU.Build.0 = Debug|Any CPU
		{4ECA3925-9750-6853-B6CD-E6CAB9B77277}.Release|Any CPU.ActiveCfg = Release|Any CPU
		{4ECA3925-9750-6853-B6CD-E6CAB9B77277}.Release|Any CPU.Build.0 = Release|Any CPU
		{F86610B2-CD98-B66E-5D8E-92F24C68092D}.Debug|Any CPU.ActiveCfg = Debug|Any CPU
		{F86610B2-CD98-B66E-5D8E-92F24C68092D}.Debug|Any CPU.Build.0 = Debug|Any CPU
		{F86610B2-CD98-B66E-5D8E-92F24C68092D}.Release|Any CPU.ActiveCfg = Release|Any CPU
		{F86610B2-CD98-B66E-5D8E-92F24C68092D}.Release|Any CPU.Build.0 = Release|Any CPU
		{E3617025-BF2B-B2BA-D1EC-1CA1D642EAAA}.Debug|Any CPU.ActiveCfg = Debug|Any CPU
		{E3617025-BF2B-B2BA-D1EC-1CA1D642EAAA}.Debug|Any CPU.Build.0 = Debug|Any CPU
		{E3617025-BF2B-B2BA-D1EC-1CA1D642EAAA}.Release|Any CPU.ActiveCfg = Release|Any CPU
		{E3617025-BF2B-B2BA-D1EC-1CA1D642EAAA}.Release|Any CPU.Build.0 = Release|Any CPU
		{FD35C8C8-AD94-23E2-77C5-EDE7DD016323}.Debug|Any CPU.ActiveCfg = Debug|Any CPU
		{FD35C8C8-AD94-23E2-77C5-EDE7DD016323}.Debug|Any CPU.Build.0 = Debug|Any CPU
		{FD35C8C8-AD94-23E2-77C5-EDE7DD016323}.Release|Any CPU.ActiveCfg = Release|Any CPU
		{FD35C8C8-AD94-23E2-77C5-EDE7DD016323}.Release|Any CPU.Build.0 = Release|Any CPU
		{423360C8-6AD8-4DE5-B6A3-6CA63827907D}.Debug|Any CPU.ActiveCfg = Debug|Any CPU
		{423360C8-6AD8-4DE5-B6A3-6CA63827907D}.Debug|Any CPU.Build.0 = Debug|Any CPU
		{423360C8-6AD8-4DE5-B6A3-6CA63827907D}.Release|Any CPU.ActiveCfg = Release|Any CPU
		{423360C8-6AD8-4DE5-B6A3-6CA63827907D}.Release|Any CPU.Build.0 = Release|Any CPU
		{7CC50EAF-57D9-0545-E187-B3F7CD42AC29}.Debug|Any CPU.ActiveCfg = Debug|Any CPU
		{7CC50EAF-57D9-0545-E187-B3F7CD42AC29}.Debug|Any CPU.Build.0 = Debug|Any CPU
		{7CC50EAF-57D9-0545-E187-B3F7CD42AC29}.Release|Any CPU.ActiveCfg = Release|Any CPU
		{7CC50EAF-57D9-0545-E187-B3F7CD42AC29}.Release|Any CPU.Build.0 = Release|Any CPU
		{7B333DEC-BB5D-3463-86D8-ABBB7939B027}.Debug|Any CPU.ActiveCfg = Debug|Any CPU
		{7B333DEC-BB5D-3463-86D8-ABBB7939B027}.Debug|Any CPU.Build.0 = Debug|Any CPU
		{7B333DEC-BB5D-3463-86D8-ABBB7939B027}.Release|Any CPU.ActiveCfg = Release|Any CPU
		{7B333DEC-BB5D-3463-86D8-ABBB7939B027}.Release|Any CPU.Build.0 = Release|Any CPU
		{CE2D8332-1FB5-0A5F-752D-E73FE347C192}.Debug|Any CPU.ActiveCfg = Debug|Any CPU
		{CE2D8332-1FB5-0A5F-752D-E73FE347C192}.Debug|Any CPU.Build.0 = Debug|Any CPU
		{CE2D8332-1FB5-0A5F-752D-E73FE347C192}.Release|Any CPU.ActiveCfg = Release|Any CPU
		{CE2D8332-1FB5-0A5F-752D-E73FE347C192}.Release|Any CPU.Build.0 = Release|Any CPU
		{45B63344-C30E-D4DD-94C2-D3A2BDCBDD69}.Debug|Any CPU.ActiveCfg = Debug|Any CPU
		{45B63344-C30E-D4DD-94C2-D3A2BDCBDD69}.Debug|Any CPU.Build.0 = Debug|Any CPU
		{45B63344-C30E-D4DD-94C2-D3A2BDCBDD69}.Release|Any CPU.ActiveCfg = Release|Any CPU
		{45B63344-C30E-D4DD-94C2-D3A2BDCBDD69}.Release|Any CPU.Build.0 = Release|Any CPU
		{F47662DC-D5B0-1CDA-1554-B776ED8D2854}.Debug|Any CPU.ActiveCfg = Debug|Any CPU
		{F47662DC-D5B0-1CDA-1554-B776ED8D2854}.Debug|Any CPU.Build.0 = Debug|Any CPU
		{F47662DC-D5B0-1CDA-1554-B776ED8D2854}.Release|Any CPU.ActiveCfg = Release|Any CPU
		{F47662DC-D5B0-1CDA-1554-B776ED8D2854}.Release|Any CPU.Build.0 = Release|Any CPU
		{D8846B92-54AD-CE3D-C7A5-AA30602B853A}.Debug|Any CPU.ActiveCfg = Debug|Any CPU
		{D8846B92-54AD-CE3D-C7A5-AA30602B853A}.Debug|Any CPU.Build.0 = Debug|Any CPU
		{D8846B92-54AD-CE3D-C7A5-AA30602B853A}.Release|Any CPU.ActiveCfg = Release|Any CPU
		{D8846B92-54AD-CE3D-C7A5-AA30602B853A}.Release|Any CPU.Build.0 = Release|Any CPU
		{44A9A133-7FC1-AEAC-DAF7-610158B2908B}.Debug|Any CPU.ActiveCfg = Debug|Any CPU
		{44A9A133-7FC1-AEAC-DAF7-610158B2908B}.Debug|Any CPU.Build.0 = Debug|Any CPU
		{44A9A133-7FC1-AEAC-DAF7-610158B2908B}.Release|Any CPU.ActiveCfg = Release|Any CPU
		{44A9A133-7FC1-AEAC-DAF7-610158B2908B}.Release|Any CPU.Build.0 = Release|Any CPU
		{AE4089DA-AACF-75D0-9B9C-F64447003ABB}.Debug|Any CPU.ActiveCfg = Debug|Any CPU
		{AE4089DA-AACF-75D0-9B9C-F64447003ABB}.Debug|Any CPU.Build.0 = Debug|Any CPU
		{AE4089DA-AACF-75D0-9B9C-F64447003ABB}.Release|Any CPU.ActiveCfg = Release|Any CPU
		{AE4089DA-AACF-75D0-9B9C-F64447003ABB}.Release|Any CPU.Build.0 = Release|Any CPU
		{0E46038F-C237-66FE-19D7-66DB0F2567BA}.Debug|Any CPU.ActiveCfg = Debug|Any CPU
		{0E46038F-C237-66FE-19D7-66DB0F2567BA}.Debug|Any CPU.Build.0 = Debug|Any CPU
		{0E46038F-C237-66FE-19D7-66DB0F2567BA}.Release|Any CPU.ActiveCfg = Release|Any CPU
		{0E46038F-C237-66FE-19D7-66DB0F2567BA}.Release|Any CPU.Build.0 = Release|Any CPU
		{EF738400-BA66-1DBB-A62A-D5C21B016F52}.Debug|Any CPU.ActiveCfg = Debug|Any CPU
		{EF738400-BA66-1DBB-A62A-D5C21B016F52}.Debug|Any CPU.Build.0 = Debug|Any CPU
		{EF738400-BA66-1DBB-A62A-D5C21B016F52}.Release|Any CPU.ActiveCfg = Release|Any CPU
		{EF738400-BA66-1DBB-A62A-D5C21B016F52}.Release|Any CPU.Build.0 = Release|Any CPU
		{21BCAA02-CCD8-1EA3-53D6-5552FCC0291F}.Debug|Any CPU.ActiveCfg = Debug|Any CPU
		{21BCAA02-CCD8-1EA3-53D6-5552FCC0291F}.Debug|Any CPU.Build.0 = Debug|Any CPU
		{21BCAA02-CCD8-1EA3-53D6-5552FCC0291F}.Release|Any CPU.ActiveCfg = Release|Any CPU
		{21BCAA02-CCD8-1EA3-53D6-5552FCC0291F}.Release|Any CPU.Build.0 = Release|Any CPU
		{1DD92128-0171-42BB-D911-749F8847793D}.Debug|Any CPU.ActiveCfg = Debug|Any CPU
		{1DD92128-0171-42BB-D911-749F8847793D}.Debug|Any CPU.Build.0 = Debug|Any CPU
		{1DD92128-0171-42BB-D911-749F8847793D}.Release|Any CPU.ActiveCfg = Release|Any CPU
		{1DD92128-0171-42BB-D911-749F8847793D}.Release|Any CPU.Build.0 = Release|Any CPU
		{3BFCBC81-0928-9628-8DAC-EC49693ED8B7}.Debug|Any CPU.ActiveCfg = Debug|Any CPU
		{3BFCBC81-0928-9628-8DAC-EC49693ED8B7}.Debug|Any CPU.Build.0 = Debug|Any CPU
		{3BFCBC81-0928-9628-8DAC-EC49693ED8B7}.Release|Any CPU.ActiveCfg = Release|Any CPU
		{3BFCBC81-0928-9628-8DAC-EC49693ED8B7}.Release|Any CPU.Build.0 = Release|Any CPU
		{26524886-F2C7-BE52-C160-38287C839175}.Debug|Any CPU.ActiveCfg = Debug|Any CPU
		{26524886-F2C7-BE52-C160-38287C839175}.Debug|Any CPU.Build.0 = Debug|Any CPU
		{26524886-F2C7-BE52-C160-38287C839175}.Release|Any CPU.ActiveCfg = Release|Any CPU
		{26524886-F2C7-BE52-C160-38287C839175}.Release|Any CPU.Build.0 = Release|Any CPU
		{5FCCCAE6-32BD-D3B6-2396-A86D85EFFD38}.Debug|Any CPU.ActiveCfg = Debug|Any CPU
		{5FCCCAE6-32BD-D3B6-2396-A86D85EFFD38}.Debug|Any CPU.Build.0 = Debug|Any CPU
		{5FCCCAE6-32BD-D3B6-2396-A86D85EFFD38}.Release|Any CPU.ActiveCfg = Release|Any CPU
		{5FCCCAE6-32BD-D3B6-2396-A86D85EFFD38}.Release|Any CPU.Build.0 = Release|Any CPU
		{1E72BBED-D6C0-806E-D30D-5BFD83CFD981}.Debug|Any CPU.ActiveCfg = Debug|Any CPU
		{1E72BBED-D6C0-806E-D30D-5BFD83CFD981}.Debug|Any CPU.Build.0 = Debug|Any CPU
		{1E72BBED-D6C0-806E-D30D-5BFD83CFD981}.Release|Any CPU.ActiveCfg = Release|Any CPU
		{1E72BBED-D6C0-806E-D30D-5BFD83CFD981}.Release|Any CPU.Build.0 = Release|Any CPU
		{5133740F-60C5-C7BF-E61E-73D3A1D61768}.Debug|Any CPU.ActiveCfg = Debug|Any CPU
		{5133740F-60C5-C7BF-E61E-73D3A1D61768}.Debug|Any CPU.Build.0 = Debug|Any CPU
		{5133740F-60C5-C7BF-E61E-73D3A1D61768}.Release|Any CPU.ActiveCfg = Release|Any CPU
		{5133740F-60C5-C7BF-E61E-73D3A1D61768}.Release|Any CPU.Build.0 = Release|Any CPU
		{B6245E22-05A2-31F9-6BBB-E27E665F1302}.Debug|Any CPU.ActiveCfg = Debug|Any CPU
		{B6245E22-05A2-31F9-6BBB-E27E665F1302}.Debug|Any CPU.Build.0 = Debug|Any CPU
		{B6245E22-05A2-31F9-6BBB-E27E665F1302}.Release|Any CPU.ActiveCfg = Release|Any CPU
		{B6245E22-05A2-31F9-6BBB-E27E665F1302}.Release|Any CPU.Build.0 = Release|Any CPU
		{A2D6E814-B0F4-A46D-A5E8-7ADBC8F32A8C}.Debug|Any CPU.ActiveCfg = Debug|Any CPU
		{A2D6E814-B0F4-A46D-A5E8-7ADBC8F32A8C}.Debug|Any CPU.Build.0 = Debug|Any CPU
		{A2D6E814-B0F4-A46D-A5E8-7ADBC8F32A8C}.Release|Any CPU.ActiveCfg = Release|Any CPU
		{A2D6E814-B0F4-A46D-A5E8-7ADBC8F32A8C}.Release|Any CPU.Build.0 = Release|Any CPU
		{70B3518B-F773-82AF-609A-E592140A60A3}.Debug|Any CPU.ActiveCfg = Debug|Any CPU
		{70B3518B-F773-82AF-609A-E592140A60A3}.Debug|Any CPU.Build.0 = Debug|Any CPU
		{70B3518B-F773-82AF-609A-E592140A60A3}.Release|Any CPU.ActiveCfg = Release|Any CPU
		{70B3518B-F773-82AF-609A-E592140A60A3}.Release|Any CPU.Build.0 = Release|Any CPU
	EndGlobalSection
	GlobalSection(SolutionProperties) = preSolution
		HideSolutionNode = FALSE
	EndGlobalSection
EndGlobal
